
Microsoft Visual Studio Solution File, Format Version 12.00
# Visual Studio 15
VisualStudioVersion = 15.0.27703.2035
MinimumVisualStudioVersion = 10.0.40219.1
Project("{FAE04EC0-301F-11D3-BF4B-00C04F79EFBC}") = "MLA_task", "MLA_task\MLA_task.csproj", "{85133504-2CE4-4E5A-AAFB-7BDB9CCC21AE}"
EndProject
Global
	GlobalSection(SolutionConfigurationPlatforms) = preSolution
		Debug|Any CPU = Debug|Any CPU
		Release|Any CPU = Release|Any CPU
	EndGlobalSection
	GlobalSection(ProjectConfigurationPlatforms) = postSolution
		{85133504-2CE4-4E5A-AAFB-7BDB9CCC21AE}.Debug|Any CPU.ActiveCfg = Debug|Any CPU
		{85133504-2CE4-4E5A-AAFB-7BDB9CCC21AE}.Debug|Any CPU.Build.0 = Debug|Any CPU
		{85133504-2CE4-4E5A-AAFB-7BDB9CCC21AE}.Release|Any CPU.ActiveCfg = Release|Any CPU
		{85133504-2CE4-4E5A-AAFB-7BDB9CCC21AE}.Release|Any CPU.Build.0 = Release|Any CPU
	EndGlobalSection
	GlobalSection(SolutionProperties) = preSolution
		HideSolutionNode = FALSE
	EndGlobalSection
	GlobalSection(ExtensibilityGlobals) = postSolution
		SolutionGuid = {ABC18118-200D-4D64-ADBA-FA7088A64A6C}
	EndGlobalSection
EndGlobal
